// !$*UTF8*$!
{
	archiveVersion = 1;
	classes = {
	};
	objectVersion = 55;
	objects = {

/* Begin PBXBuildFile section */
		44986B3F282E8D49008703D7 /* RandomData.swift in Sources */ = {isa = PBXBuildFile; fileRef = 44986B3E282E8D49008703D7 /* RandomData.swift */; };
		44DAB0CF282A910400156A9B /* TrangueellAppApp.swift in Sources */ = {isa = PBXBuildFile; fileRef = 44DAB0CE282A910400156A9B /* TrangueellAppApp.swift */; };
		44DAB0D1282A910400156A9B /* ContentView.swift in Sources */ = {isa = PBXBuildFile; fileRef = 44DAB0D0282A910400156A9B /* ContentView.swift */; };
		44DAB0D3282A910700156A9B /* Assets.xcassets in Resources */ = {isa = PBXBuildFile; fileRef = 44DAB0D2282A910700156A9B /* Assets.xcassets */; };
		44DAB0D6282A910700156A9B /* Preview Assets.xcassets in Resources */ = {isa = PBXBuildFile; fileRef = 44DAB0D5282A910700156A9B /* Preview Assets.xcassets */; };
		44DAB0D8282A910700156A9B /* Persistence.swift in Sources */ = {isa = PBXBuildFile; fileRef = 44DAB0D7282A910700156A9B /* Persistence.swift */; };
		44DAB0DB282A910700156A9B /* TrangueellApp.xcdatamodeld in Sources */ = {isa = PBXBuildFile; fileRef = 44DAB0D9282A910700156A9B /* TrangueellApp.xcdatamodeld */; };
		44DAB0E5282A910700156A9B /* TrangueellAppTests.swift in Sources */ = {isa = PBXBuildFile; fileRef = 44DAB0E4282A910700156A9B /* TrangueellAppTests.swift */; };
		44DAB0EF282A910700156A9B /* TrangueellAppUITests.swift in Sources */ = {isa = PBXBuildFile; fileRef = 44DAB0EE282A910700156A9B /* TrangueellAppUITests.swift */; };
		44DAB0F1282A910700156A9B /* TrangueellAppUITestsLaunchTests.swift in Sources */ = {isa = PBXBuildFile; fileRef = 44DAB0F0282A910700156A9B /* TrangueellAppUITestsLaunchTests.swift */; };
		44DAB0FF282AA17400156A9B /* Dream+CoreDataClass.swift in Sources */ = {isa = PBXBuildFile; fileRef = 44DAB0FD282AA17400156A9B /* Dream+CoreDataClass.swift */; };
		44DAB100282AA17400156A9B /* Dream+CoreDataProperties.swift in Sources */ = {isa = PBXBuildFile; fileRef = 44DAB0FE282AA17400156A9B /* Dream+CoreDataProperties.swift */; };
		44DAB102282AB8C100156A9B /* ModalView_AddDream.swift in Sources */ = {isa = PBXBuildFile; fileRef = 44DAB101282AB8C100156A9B /* ModalView_AddDream.swift */; };
		45421E57282DAF14001B400E /* ViewHome.swift in Sources */ = {isa = PBXBuildFile; fileRef = 45421E56282DAF14001B400E /* ViewHome.swift */; };
		45421E59282DAFEB001B400E /* TabView.swift in Sources */ = {isa = PBXBuildFile; fileRef = 45421E58282DAFEB001B400E /* TabView.swift */; };
		45421E5E282DBED8001B400E /* Notification.swift in Sources */ = {isa = PBXBuildFile; fileRef = 45421E5D282DBED8001B400E /* Notification.swift */; };
		45B0D6FD282E54F100D78453 /* DreamStatsView.swift in Sources */ = {isa = PBXBuildFile; fileRef = 45B0D6FC282E54F100D78453 /* DreamStatsView.swift */; };
		582EDF15282BF59900F304A7 /* DreamView.swift in Sources */ = {isa = PBXBuildFile; fileRef = 582EDF14282BF59900F304A7 /* DreamView.swift */; };
		C6D30973283BDDD5006A08DE /* WidgetKit.framework in Frameworks */ = {isa = PBXBuildFile; fileRef = C6D30972283BDDD5006A08DE /* WidgetKit.framework */; };
		C6D30975283BDDD5006A08DE /* SwiftUI.framework in Frameworks */ = {isa = PBXBuildFile; fileRef = C6D30974283BDDD5006A08DE /* SwiftUI.framework */; };
		C6D30978283BDDD5006A08DE /* WidgetTrangueell.swift in Sources */ = {isa = PBXBuildFile; fileRef = C6D30977283BDDD5006A08DE /* WidgetTrangueell.swift */; };
		C6D3097B283BDDD6006A08DE /* Assets.xcassets in Resources */ = {isa = PBXBuildFile; fileRef = C6D3097A283BDDD6006A08DE /* Assets.xcassets */; };
		C6D3097D283BDDD6006A08DE /* WidgetTrangueell.intentdefinition in Sources */ = {isa = PBXBuildFile; fileRef = C6D30979283BDDD5006A08DE /* WidgetTrangueell.intentdefinition */; };
		C6D3097E283BDDD6006A08DE /* WidgetTrangueell.intentdefinition in Sources */ = {isa = PBXBuildFile; fileRef = C6D30979283BDDD5006A08DE /* WidgetTrangueell.intentdefinition */; };
		C6D30981283BDDD6006A08DE /* WidgetTrangueellExtension.appex in Embed App Extensions */ = {isa = PBXBuildFile; fileRef = C6D30970283BDDD4006A08DE /* WidgetTrangueellExtension.appex */; settings = {ATTRIBUTES = (RemoveHeadersOnCopy, ); }; };
/* End PBXBuildFile section */

/* Begin PBXContainerItemProxy section */
		44DAB0E1282A910700156A9B /* PBXContainerItemProxy */ = {
			isa = PBXContainerItemProxy;
			containerPortal = 44DAB0C3282A910400156A9B /* Project object */;
			proxyType = 1;
			remoteGlobalIDString = 44DAB0CA282A910400156A9B;
			remoteInfo = TrangueellApp;
		};
		44DAB0EB282A910700156A9B /* PBXContainerItemProxy */ = {
			isa = PBXContainerItemProxy;
			containerPortal = 44DAB0C3282A910400156A9B /* Project object */;
			proxyType = 1;
			remoteGlobalIDString = 44DAB0CA282A910400156A9B;
			remoteInfo = TrangueellApp;
		};
		C6D3097F283BDDD6006A08DE /* PBXContainerItemProxy */ = {
			isa = PBXContainerItemProxy;
			containerPortal = 44DAB0C3282A910400156A9B /* Project object */;
			proxyType = 1;
			remoteGlobalIDString = C6D3096F283BDDD4006A08DE;
			remoteInfo = WidgetTrangueellExtension;
		};
/* End PBXContainerItemProxy section */

/* Begin PBXCopyFilesBuildPhase section */
		C6D30982283BDDD6006A08DE /* Embed App Extensions */ = {
			isa = PBXCopyFilesBuildPhase;
			buildActionMask = 2147483647;
			dstPath = "";
			dstSubfolderSpec = 13;
			files = (
				C6D30981283BDDD6006A08DE /* WidgetTrangueellExtension.appex in Embed App Extensions */,
			);
			name = "Embed App Extensions";
			runOnlyForDeploymentPostprocessing = 0;
		};
/* End PBXCopyFilesBuildPhase section */

/* Begin PBXFileReference section */
		44986B3E282E8D49008703D7 /* RandomData.swift */ = {isa = PBXFileReference; lastKnownFileType = sourcecode.swift; path = RandomData.swift; sourceTree = "<group>"; };
		44DAB0CB282A910400156A9B /* TrangueellApp.app */ = {isa = PBXFileReference; explicitFileType = wrapper.application; includeInIndex = 0; path = TrangueellApp.app; sourceTree = BUILT_PRODUCTS_DIR; };
		44DAB0CE282A910400156A9B /* TrangueellAppApp.swift */ = {isa = PBXFileReference; lastKnownFileType = sourcecode.swift; path = TrangueellAppApp.swift; sourceTree = "<group>"; };
		44DAB0D0282A910400156A9B /* ContentView.swift */ = {isa = PBXFileReference; lastKnownFileType = sourcecode.swift; path = ContentView.swift; sourceTree = "<group>"; };
		44DAB0D2282A910700156A9B /* Assets.xcassets */ = {isa = PBXFileReference; lastKnownFileType = folder.assetcatalog; path = Assets.xcassets; sourceTree = "<group>"; };
		44DAB0D5282A910700156A9B /* Preview Assets.xcassets */ = {isa = PBXFileReference; lastKnownFileType = folder.assetcatalog; path = "Preview Assets.xcassets"; sourceTree = "<group>"; };
		44DAB0D7282A910700156A9B /* Persistence.swift */ = {isa = PBXFileReference; lastKnownFileType = sourcecode.swift; path = Persistence.swift; sourceTree = "<group>"; };
		44DAB0DA282A910700156A9B /* TrangueellApp.xcdatamodel */ = {isa = PBXFileReference; lastKnownFileType = wrapper.xcdatamodel; path = TrangueellApp.xcdatamodel; sourceTree = "<group>"; };
		44DAB0E0282A910700156A9B /* TrangueellAppTests.xctest */ = {isa = PBXFileReference; explicitFileType = wrapper.cfbundle; includeInIndex = 0; path = TrangueellAppTests.xctest; sourceTree = BUILT_PRODUCTS_DIR; };
		44DAB0E4282A910700156A9B /* TrangueellAppTests.swift */ = {isa = PBXFileReference; lastKnownFileType = sourcecode.swift; path = TrangueellAppTests.swift; sourceTree = "<group>"; };
		44DAB0EA282A910700156A9B /* TrangueellAppUITests.xctest */ = {isa = PBXFileReference; explicitFileType = wrapper.cfbundle; includeInIndex = 0; path = TrangueellAppUITests.xctest; sourceTree = BUILT_PRODUCTS_DIR; };
		44DAB0EE282A910700156A9B /* TrangueellAppUITests.swift */ = {isa = PBXFileReference; lastKnownFileType = sourcecode.swift; path = TrangueellAppUITests.swift; sourceTree = "<group>"; };
		44DAB0F0282A910700156A9B /* TrangueellAppUITestsLaunchTests.swift */ = {isa = PBXFileReference; lastKnownFileType = sourcecode.swift; path = TrangueellAppUITestsLaunchTests.swift; sourceTree = "<group>"; };
		44DAB0FD282AA17400156A9B /* Dream+CoreDataClass.swift */ = {isa = PBXFileReference; lastKnownFileType = sourcecode.swift; path = "Dream+CoreDataClass.swift"; sourceTree = "<group>"; };
		44DAB0FE282AA17400156A9B /* Dream+CoreDataProperties.swift */ = {isa = PBXFileReference; lastKnownFileType = sourcecode.swift; path = "Dream+CoreDataProperties.swift"; sourceTree = "<group>"; };
		44DAB101282AB8C100156A9B /* ModalView_AddDream.swift */ = {isa = PBXFileReference; lastKnownFileType = sourcecode.swift; path = ModalView_AddDream.swift; sourceTree = "<group>"; };
		45421E56282DAF14001B400E /* ViewHome.swift */ = {isa = PBXFileReference; lastKnownFileType = sourcecode.swift; path = ViewHome.swift; sourceTree = "<group>"; };
		45421E58282DAFEB001B400E /* TabView.swift */ = {isa = PBXFileReference; lastKnownFileType = sourcecode.swift; path = TabView.swift; sourceTree = "<group>"; };
		45421E5D282DBED8001B400E /* Notification.swift */ = {isa = PBXFileReference; lastKnownFileType = sourcecode.swift; path = Notification.swift; sourceTree = "<group>"; };
		45B0D6FC282E54F100D78453 /* DreamStatsView.swift */ = {isa = PBXFileReference; lastKnownFileType = sourcecode.swift; path = DreamStatsView.swift; sourceTree = "<group>"; };
		582EDF14282BF59900F304A7 /* DreamView.swift */ = {isa = PBXFileReference; lastKnownFileType = sourcecode.swift; path = DreamView.swift; sourceTree = "<group>"; };
		C6D30970283BDDD4006A08DE /* WidgetTrangueellExtension.appex */ = {isa = PBXFileReference; explicitFileType = "wrapper.app-extension"; includeInIndex = 0; path = WidgetTrangueellExtension.appex; sourceTree = BUILT_PRODUCTS_DIR; };
		C6D30972283BDDD5006A08DE /* WidgetKit.framework */ = {isa = PBXFileReference; lastKnownFileType = wrapper.framework; name = WidgetKit.framework; path = System/Library/Frameworks/WidgetKit.framework; sourceTree = SDKROOT; };
		C6D30974283BDDD5006A08DE /* SwiftUI.framework */ = {isa = PBXFileReference; lastKnownFileType = wrapper.framework; name = SwiftUI.framework; path = System/Library/Frameworks/SwiftUI.framework; sourceTree = SDKROOT; };
		C6D30977283BDDD5006A08DE /* WidgetTrangueell.swift */ = {isa = PBXFileReference; lastKnownFileType = sourcecode.swift; path = WidgetTrangueell.swift; sourceTree = "<group>"; };
		C6D30979283BDDD5006A08DE /* WidgetTrangueell.intentdefinition */ = {isa = PBXFileReference; lastKnownFileType = file.intentdefinition; path = WidgetTrangueell.intentdefinition; sourceTree = "<group>"; };
		C6D3097A283BDDD6006A08DE /* Assets.xcassets */ = {isa = PBXFileReference; lastKnownFileType = folder.assetcatalog; path = Assets.xcassets; sourceTree = "<group>"; };
		C6D3097C283BDDD6006A08DE /* Info.plist */ = {isa = PBXFileReference; lastKnownFileType = text.plist.xml; path = Info.plist; sourceTree = "<group>"; };
/* End PBXFileReference section */

/* Begin PBXFrameworksBuildPhase section */
		44DAB0C8282A910400156A9B /* Frameworks */ = {
			isa = PBXFrameworksBuildPhase;
			buildActionMask = 2147483647;
			files = (
			);
			runOnlyForDeploymentPostprocessing = 0;
		};
		44DAB0DD282A910700156A9B /* Frameworks */ = {
			isa = PBXFrameworksBuildPhase;
			buildActionMask = 2147483647;
			files = (
			);
			runOnlyForDeploymentPostprocessing = 0;
		};
		44DAB0E7282A910700156A9B /* Frameworks */ = {
			isa = PBXFrameworksBuildPhase;
			buildActionMask = 2147483647;
			files = (
			);
			runOnlyForDeploymentPostprocessing = 0;
		};
		C6D3096D283BDDD4006A08DE /* Frameworks */ = {
			isa = PBXFrameworksBuildPhase;
			buildActionMask = 2147483647;
			files = (
				C6D30975283BDDD5006A08DE /* SwiftUI.framework in Frameworks */,
				C6D30973283BDDD5006A08DE /* WidgetKit.framework in Frameworks */,
			);
			runOnlyForDeploymentPostprocessing = 0;
		};
/* End PBXFrameworksBuildPhase section */

/* Begin PBXGroup section */
		44DAB0C2282A910400156A9B = {
			isa = PBXGroup;
			children = (
				45421E5C282DB45C001B400E /* Model */,
				45421E5B282DB453001B400E /* ViewModel */,
				45421E5A282DB439001B400E /* View */,
				44DAB0CD282A910400156A9B /* TrangueellApp */,
				44DAB0E3282A910700156A9B /* TrangueellAppTests */,
				44DAB0ED282A910700156A9B /* TrangueellAppUITests */,
				C6D30976283BDDD5006A08DE /* WidgetTrangueell */,
				C6D30971283BDDD4006A08DE /* Frameworks */,
				44DAB0CC282A910400156A9B /* Products */,
			);
			sourceTree = "<group>";
		};
		44DAB0CC282A910400156A9B /* Products */ = {
			isa = PBXGroup;
			children = (
				44DAB0CB282A910400156A9B /* TrangueellApp.app */,
				44DAB0E0282A910700156A9B /* TrangueellAppTests.xctest */,
				44DAB0EA282A910700156A9B /* TrangueellAppUITests.xctest */,
				C6D30970283BDDD4006A08DE /* WidgetTrangueellExtension.appex */,
			);
			name = Products;
			sourceTree = "<group>";
		};
		44DAB0CD282A910400156A9B /* TrangueellApp */ = {
			isa = PBXGroup;
			children = (
				44DAB0CE282A910400156A9B /* TrangueellAppApp.swift */,
				44DAB0D2282A910700156A9B /* Assets.xcassets */,
				44DAB0D7282A910700156A9B /* Persistence.swift */,
				44DAB0D9282A910700156A9B /* TrangueellApp.xcdatamodeld */,
				44DAB0D4282A910700156A9B /* Preview Content */,
			);
			path = TrangueellApp;
			sourceTree = "<group>";
		};
		44DAB0D4282A910700156A9B /* Preview Content */ = {
			isa = PBXGroup;
			children = (
				44DAB0D5282A910700156A9B /* Preview Assets.xcassets */,
			);
			path = "Preview Content";
			sourceTree = "<group>";
		};
		44DAB0E3282A910700156A9B /* TrangueellAppTests */ = {
			isa = PBXGroup;
			children = (
				44DAB0E4282A910700156A9B /* TrangueellAppTests.swift */,
			);
			path = TrangueellAppTests;
			sourceTree = "<group>";
		};
		44DAB0ED282A910700156A9B /* TrangueellAppUITests */ = {
			isa = PBXGroup;
			children = (
				44DAB0EE282A910700156A9B /* TrangueellAppUITests.swift */,
				44DAB0F0282A910700156A9B /* TrangueellAppUITestsLaunchTests.swift */,
			);
			path = TrangueellAppUITests;
			sourceTree = "<group>";
		};
		45421E5A282DB439001B400E /* View */ = {
			isa = PBXGroup;
			children = (
				45421E5D282DBED8001B400E /* Notification.swift */,
				45421E56282DAF14001B400E /* ViewHome.swift */,
				45421E58282DAFEB001B400E /* TabView.swift */,
				44DAB0D0282A910400156A9B /* ContentView.swift */,
				582EDF14282BF59900F304A7 /* DreamView.swift */,
				44DAB101282AB8C100156A9B /* ModalView_AddDream.swift */,
				45B0D6FC282E54F100D78453 /* DreamStatsView.swift */,
			);
			path = View;
			sourceTree = "<group>";
		};
		45421E5B282DB453001B400E /* ViewModel */ = {
			isa = PBXGroup;
			children = (
			);
			path = ViewModel;
			sourceTree = "<group>";
		};
		45421E5C282DB45C001B400E /* Model */ = {
			isa = PBXGroup;
			children = (
				44DAB0FD282AA17400156A9B /* Dream+CoreDataClass.swift */,
				44986B3E282E8D49008703D7 /* RandomData.swift */,
				44DAB0FE282AA17400156A9B /* Dream+CoreDataProperties.swift */,
			);
			path = Model;
			sourceTree = "<group>";
		};
		C6D30971283BDDD4006A08DE /* Frameworks */ = {
			isa = PBXGroup;
			children = (
				C6D30972283BDDD5006A08DE /* WidgetKit.framework */,
				C6D30974283BDDD5006A08DE /* SwiftUI.framework */,
			);
			name = Frameworks;
			sourceTree = "<group>";
		};
		C6D30976283BDDD5006A08DE /* WidgetTrangueell */ = {
			isa = PBXGroup;
			children = (
				C6D30977283BDDD5006A08DE /* WidgetTrangueell.swift */,
				C6D30979283BDDD5006A08DE /* WidgetTrangueell.intentdefinition */,
				C6D3097A283BDDD6006A08DE /* Assets.xcassets */,
				C6D3097C283BDDD6006A08DE /* Info.plist */,
			);
			path = WidgetTrangueell;
			sourceTree = "<group>";
		};
/* End PBXGroup section */

/* Begin PBXNativeTarget section */
		44DAB0CA282A910400156A9B /* TrangueellApp */ = {
			isa = PBXNativeTarget;
			buildConfigurationList = 44DAB0F4282A910700156A9B /* Build configuration list for PBXNativeTarget "TrangueellApp" */;
			buildPhases = (
				44DAB0C7282A910400156A9B /* Sources */,
				44DAB0C8282A910400156A9B /* Frameworks */,
				44DAB0C9282A910400156A9B /* Resources */,
				C6D30982283BDDD6006A08DE /* Embed App Extensions */,
			);
			buildRules = (
			);
			dependencies = (
				C6D30980283BDDD6006A08DE /* PBXTargetDependency */,
			);
			name = TrangueellApp;
			productName = TrangueellApp;
			productReference = 44DAB0CB282A910400156A9B /* TrangueellApp.app */;
			productType = "com.apple.product-type.application";
		};
		44DAB0DF282A910700156A9B /* TrangueellAppTests */ = {
			isa = PBXNativeTarget;
			buildConfigurationList = 44DAB0F7282A910700156A9B /* Build configuration list for PBXNativeTarget "TrangueellAppTests" */;
			buildPhases = (
				44DAB0DC282A910700156A9B /* Sources */,
				44DAB0DD282A910700156A9B /* Frameworks */,
				44DAB0DE282A910700156A9B /* Resources */,
			);
			buildRules = (
			);
			dependencies = (
				44DAB0E2282A910700156A9B /* PBXTargetDependency */,
			);
			name = TrangueellAppTests;
			productName = TrangueellAppTests;
			productReference = 44DAB0E0282A910700156A9B /* TrangueellAppTests.xctest */;
			productType = "com.apple.product-type.bundle.unit-test";
		};
		44DAB0E9282A910700156A9B /* TrangueellAppUITests */ = {
			isa = PBXNativeTarget;
			buildConfigurationList = 44DAB0FA282A910700156A9B /* Build configuration list for PBXNativeTarget "TrangueellAppUITests" */;
			buildPhases = (
				44DAB0E6282A910700156A9B /* Sources */,
				44DAB0E7282A910700156A9B /* Frameworks */,
				44DAB0E8282A910700156A9B /* Resources */,
			);
			buildRules = (
			);
			dependencies = (
				44DAB0EC282A910700156A9B /* PBXTargetDependency */,
			);
			name = TrangueellAppUITests;
			productName = TrangueellAppUITests;
			productReference = 44DAB0EA282A910700156A9B /* TrangueellAppUITests.xctest */;
			productType = "com.apple.product-type.bundle.ui-testing";
		};
		C6D3096F283BDDD4006A08DE /* WidgetTrangueellExtension */ = {
			isa = PBXNativeTarget;
			buildConfigurationList = C6D30985283BDDD6006A08DE /* Build configuration list for PBXNativeTarget "WidgetTrangueellExtension" */;
			buildPhases = (
				C6D3096C283BDDD4006A08DE /* Sources */,
				C6D3096D283BDDD4006A08DE /* Frameworks */,
				C6D3096E283BDDD4006A08DE /* Resources */,
			);
			buildRules = (
			);
			dependencies = (
			);
			name = WidgetTrangueellExtension;
			productName = WidgetTrangueellExtension;
			productReference = C6D30970283BDDD4006A08DE /* WidgetTrangueellExtension.appex */;
			productType = "com.apple.product-type.app-extension";
		};
/* End PBXNativeTarget section */

/* Begin PBXProject section */
		44DAB0C3282A910400156A9B /* Project object */ = {
			isa = PBXProject;
			attributes = {
				BuildIndependentTargetsInParallel = 1;
				LastSwiftUpdateCheck = 1340;
				LastUpgradeCheck = 1330;
				TargetAttributes = {
					44DAB0CA282A910400156A9B = {
						CreatedOnToolsVersion = 13.3;
					};
					44DAB0DF282A910700156A9B = {
						CreatedOnToolsVersion = 13.3;
						TestTargetID = 44DAB0CA282A910400156A9B;
					};
					44DAB0E9282A910700156A9B = {
						CreatedOnToolsVersion = 13.3;
						TestTargetID = 44DAB0CA282A910400156A9B;
					};
					C6D3096F283BDDD4006A08DE = {
						CreatedOnToolsVersion = 13.4;
					};
				};
			};
			buildConfigurationList = 44DAB0C6282A910400156A9B /* Build configuration list for PBXProject "TrangueellApp" */;
			compatibilityVersion = "Xcode 13.0";
			developmentRegion = en;
			hasScannedForEncodings = 0;
			knownRegions = (
				en,
				Base,
			);
			mainGroup = 44DAB0C2282A910400156A9B;
			productRefGroup = 44DAB0CC282A910400156A9B /* Products */;
			projectDirPath = "";
			projectRoot = "";
			targets = (
				44DAB0CA282A910400156A9B /* TrangueellApp */,
				44DAB0DF282A910700156A9B /* TrangueellAppTests */,
				44DAB0E9282A910700156A9B /* TrangueellAppUITests */,
				C6D3096F283BDDD4006A08DE /* WidgetTrangueellExtension */,
			);
		};
/* End PBXProject section */

/* Begin PBXResourcesBuildPhase section */
		44DAB0C9282A910400156A9B /* Resources */ = {
			isa = PBXResourcesBuildPhase;
			buildActionMask = 2147483647;
			files = (
				44DAB0D6282A910700156A9B /* Preview Assets.xcassets in Resources */,
				44DAB0D3282A910700156A9B /* Assets.xcassets in Resources */,
			);
			runOnlyForDeploymentPostprocessing = 0;
		};
		44DAB0DE282A910700156A9B /* Resources */ = {
			isa = PBXResourcesBuildPhase;
			buildActionMask = 2147483647;
			files = (
			);
			runOnlyForDeploymentPostprocessing = 0;
		};
		44DAB0E8282A910700156A9B /* Resources */ = {
			isa = PBXResourcesBuildPhase;
			buildActionMask = 2147483647;
			files = (
			);
			runOnlyForDeploymentPostprocessing = 0;
		};
		C6D3096E283BDDD4006A08DE /* Resources */ = {
			isa = PBXResourcesBuildPhase;
			buildActionMask = 2147483647;
			files = (
				C6D3097B283BDDD6006A08DE /* Assets.xcassets in Resources */,
			);
			runOnlyForDeploymentPostprocessing = 0;
		};
/* End PBXResourcesBuildPhase section */

/* Begin PBXSourcesBuildPhase section */
		44DAB0C7282A910400156A9B /* Sources */ = {
			isa = PBXSourcesBuildPhase;
			buildActionMask = 2147483647;
			files = (
				45421E59282DAFEB001B400E /* TabView.swift in Sources */,
				44DAB0D8282A910700156A9B /* Persistence.swift in Sources */,
				45B0D6FD282E54F100D78453 /* DreamStatsView.swift in Sources */,
				44986B3F282E8D49008703D7 /* RandomData.swift in Sources */,
				44DAB100282AA17400156A9B /* Dream+CoreDataProperties.swift in Sources */,
				C6D3097E283BDDD6006A08DE /* WidgetTrangueell.intentdefinition in Sources */,
				45421E57282DAF14001B400E /* ViewHome.swift in Sources */,
				44DAB0D1282A910400156A9B /* ContentView.swift in Sources */,
				44DAB102282AB8C100156A9B /* ModalView_AddDream.swift in Sources */,
				44DAB0DB282A910700156A9B /* TrangueellApp.xcdatamodeld in Sources */,
				44DAB0FF282AA17400156A9B /* Dream+CoreDataClass.swift in Sources */,
				45421E5E282DBED8001B400E /* Notification.swift in Sources */,
				582EDF15282BF59900F304A7 /* DreamView.swift in Sources */,
				44DAB0CF282A910400156A9B /* TrangueellAppApp.swift in Sources */,
			);
			runOnlyForDeploymentPostprocessing = 0;
		};
		44DAB0DC282A910700156A9B /* Sources */ = {
			isa = PBXSourcesBuildPhase;
			buildActionMask = 2147483647;
			files = (
				44DAB0E5282A910700156A9B /* TrangueellAppTests.swift in Sources */,
			);
			runOnlyForDeploymentPostprocessing = 0;
		};
		44DAB0E6282A910700156A9B /* Sources */ = {
			isa = PBXSourcesBuildPhase;
			buildActionMask = 2147483647;
			files = (
				44DAB0EF282A910700156A9B /* TrangueellAppUITests.swift in Sources */,
				44DAB0F1282A910700156A9B /* TrangueellAppUITestsLaunchTests.swift in Sources */,
			);
			runOnlyForDeploymentPostprocessing = 0;
		};
		C6D3096C283BDDD4006A08DE /* Sources */ = {
			isa = PBXSourcesBuildPhase;
			buildActionMask = 2147483647;
			files = (
				C6D30978283BDDD5006A08DE /* WidgetTrangueell.swift in Sources */,
				C6D3097D283BDDD6006A08DE /* WidgetTrangueell.intentdefinition in Sources */,
			);
			runOnlyForDeploymentPostprocessing = 0;
		};
/* End PBXSourcesBuildPhase section */

/* Begin PBXTargetDependency section */
		44DAB0E2282A910700156A9B /* PBXTargetDependency */ = {
			isa = PBXTargetDependency;
			target = 44DAB0CA282A910400156A9B /* TrangueellApp */;
			targetProxy = 44DAB0E1282A910700156A9B /* PBXContainerItemProxy */;
		};
		44DAB0EC282A910700156A9B /* PBXTargetDependency */ = {
			isa = PBXTargetDependency;
			target = 44DAB0CA282A910400156A9B /* TrangueellApp */;
			targetProxy = 44DAB0EB282A910700156A9B /* PBXContainerItemProxy */;
		};
		C6D30980283BDDD6006A08DE /* PBXTargetDependency */ = {
			isa = PBXTargetDependency;
			target = C6D3096F283BDDD4006A08DE /* WidgetTrangueellExtension */;
			targetProxy = C6D3097F283BDDD6006A08DE /* PBXContainerItemProxy */;
		};
/* End PBXTargetDependency section */

/* Begin XCBuildConfiguration section */
		44DAB0F2282A910700156A9B /* Debug */ = {
			isa = XCBuildConfiguration;
			buildSettings = {
				ALWAYS_SEARCH_USER_PATHS = NO;
				CLANG_ANALYZER_NONNULL = YES;
				CLANG_ANALYZER_NUMBER_OBJECT_CONVERSION = YES_AGGRESSIVE;
				CLANG_CXX_LANGUAGE_STANDARD = "gnu++17";
				CLANG_ENABLE_MODULES = YES;
				CLANG_ENABLE_OBJC_ARC = YES;
				CLANG_ENABLE_OBJC_WEAK = YES;
				CLANG_WARN_BLOCK_CAPTURE_AUTORELEASING = YES;
				CLANG_WARN_BOOL_CONVERSION = YES;
				CLANG_WARN_COMMA = YES;
				CLANG_WARN_CONSTANT_CONVERSION = YES;
				CLANG_WARN_DEPRECATED_OBJC_IMPLEMENTATIONS = YES;
				CLANG_WARN_DIRECT_OBJC_ISA_USAGE = YES_ERROR;
				CLANG_WARN_DOCUMENTATION_COMMENTS = YES;
				CLANG_WARN_EMPTY_BODY = YES;
				CLANG_WARN_ENUM_CONVERSION = YES;
				CLANG_WARN_INFINITE_RECURSION = YES;
				CLANG_WARN_INT_CONVERSION = YES;
				CLANG_WARN_NON_LITERAL_NULL_CONVERSION = YES;
				CLANG_WARN_OBJC_IMPLICIT_RETAIN_SELF = YES;
				CLANG_WARN_OBJC_LITERAL_CONVERSION = YES;
				CLANG_WARN_OBJC_ROOT_CLASS = YES_ERROR;
				CLANG_WARN_QUOTED_INCLUDE_IN_FRAMEWORK_HEADER = YES;
				CLANG_WARN_RANGE_LOOP_ANALYSIS = YES;
				CLANG_WARN_STRICT_PROTOTYPES = YES;
				CLANG_WARN_SUSPICIOUS_MOVE = YES;
				CLANG_WARN_UNGUARDED_AVAILABILITY = YES_AGGRESSIVE;
				CLANG_WARN_UNREACHABLE_CODE = YES;
				CLANG_WARN__DUPLICATE_METHOD_MATCH = YES;
				COPY_PHASE_STRIP = NO;
				DEBUG_INFORMATION_FORMAT = dwarf;
				ENABLE_STRICT_OBJC_MSGSEND = YES;
				ENABLE_TESTABILITY = YES;
				GCC_C_LANGUAGE_STANDARD = gnu11;
				GCC_DYNAMIC_NO_PIC = NO;
				GCC_NO_COMMON_BLOCKS = YES;
				GCC_OPTIMIZATION_LEVEL = 0;
				GCC_PREPROCESSOR_DEFINITIONS = (
					"DEBUG=1",
					"$(inherited)",
				);
				GCC_WARN_64_TO_32_BIT_CONVERSION = YES;
				GCC_WARN_ABOUT_RETURN_TYPE = YES_ERROR;
				GCC_WARN_UNDECLARED_SELECTOR = YES;
				GCC_WARN_UNINITIALIZED_AUTOS = YES_AGGRESSIVE;
				GCC_WARN_UNUSED_FUNCTION = YES;
				GCC_WARN_UNUSED_VARIABLE = YES;
				IPHONEOS_DEPLOYMENT_TARGET = 15.4;
				MTL_ENABLE_DEBUG_INFO = INCLUDE_SOURCE;
				MTL_FAST_MATH = YES;
				ONLY_ACTIVE_ARCH = YES;
				SDKROOT = iphoneos;
				SWIFT_ACTIVE_COMPILATION_CONDITIONS = DEBUG;
				SWIFT_OPTIMIZATION_LEVEL = "-Onone";
			};
			name = Debug;
		};
		44DAB0F3282A910700156A9B /* Release */ = {
			isa = XCBuildConfiguration;
			buildSettings = {
				ALWAYS_SEARCH_USER_PATHS = NO;
				CLANG_ANALYZER_NONNULL = YES;
				CLANG_ANALYZER_NUMBER_OBJECT_CONVERSION = YES_AGGRESSIVE;
				CLANG_CXX_LANGUAGE_STANDARD = "gnu++17";
				CLANG_ENABLE_MODULES = YES;
				CLANG_ENABLE_OBJC_ARC = YES;
				CLANG_ENABLE_OBJC_WEAK = YES;
				CLANG_WARN_BLOCK_CAPTURE_AUTORELEASING = YES;
				CLANG_WARN_BOOL_CONVERSION = YES;
				CLANG_WARN_COMMA = YES;
				CLANG_WARN_CONSTANT_CONVERSION = YES;
				CLANG_WARN_DEPRECATED_OBJC_IMPLEMENTATIONS = YES;
				CLANG_WARN_DIRECT_OBJC_ISA_USAGE = YES_ERROR;
				CLANG_WARN_DOCUMENTATION_COMMENTS = YES;
				CLANG_WARN_EMPTY_BODY = YES;
				CLANG_WARN_ENUM_CONVERSION = YES;
				CLANG_WARN_INFINITE_RECURSION = YES;
				CLANG_WARN_INT_CONVERSION = YES;
				CLANG_WARN_NON_LITERAL_NULL_CONVERSION = YES;
				CLANG_WARN_OBJC_IMPLICIT_RETAIN_SELF = YES;
				CLANG_WARN_OBJC_LITERAL_CONVERSION = YES;
				CLANG_WARN_OBJC_ROOT_CLASS = YES_ERROR;
				CLANG_WARN_QUOTED_INCLUDE_IN_FRAMEWORK_HEADER = YES;
				CLANG_WARN_RANGE_LOOP_ANALYSIS = YES;
				CLANG_WARN_STRICT_PROTOTYPES = YES;
				CLANG_WARN_SUSPICIOUS_MOVE = YES;
				CLANG_WARN_UNGUARDED_AVAILABILITY = YES_AGGRESSIVE;
				CLANG_WARN_UNREACHABLE_CODE = YES;
				CLANG_WARN__DUPLICATE_METHOD_MATCH = YES;
				COPY_PHASE_STRIP = NO;
				DEBUG_INFORMATION_FORMAT = "dwarf-with-dsym";
				ENABLE_NS_ASSERTIONS = NO;
				ENABLE_STRICT_OBJC_MSGSEND = YES;
				GCC_C_LANGUAGE_STANDARD = gnu11;
				GCC_NO_COMMON_BLOCKS = YES;
				GCC_WARN_64_TO_32_BIT_CONVERSION = YES;
				GCC_WARN_ABOUT_RETURN_TYPE = YES_ERROR;
				GCC_WARN_UNDECLARED_SELECTOR = YES;
				GCC_WARN_UNINITIALIZED_AUTOS = YES_AGGRESSIVE;
				GCC_WARN_UNUSED_FUNCTION = YES;
				GCC_WARN_UNUSED_VARIABLE = YES;
				IPHONEOS_DEPLOYMENT_TARGET = 15.4;
				MTL_ENABLE_DEBUG_INFO = NO;
				MTL_FAST_MATH = YES;
				SDKROOT = iphoneos;
				SWIFT_COMPILATION_MODE = wholemodule;
				SWIFT_OPTIMIZATION_LEVEL = "-O";
				VALIDATE_PRODUCT = YES;
			};
			name = Release;
		};
		44DAB0F5282A910700156A9B /* Debug */ = {
			isa = XCBuildConfiguration;
			buildSettings = {
				ALWAYS_EMBED_SWIFT_STANDARD_LIBRARIES = YES;
				ASSETCATALOG_COMPILER_APPICON_NAME = AppIcon;
				ASSETCATALOG_COMPILER_GLOBAL_ACCENT_COLOR_NAME = AccentColor;
				CODE_SIGN_STYLE = Automatic;
				CURRENT_PROJECT_VERSION = 1;
				DEVELOPMENT_ASSET_PATHS = "\"TrangueellApp/Preview Content\"";
				DEVELOPMENT_TEAM = 6LL88859YA;
				ENABLE_PREVIEWS = YES;
				GENERATE_INFOPLIST_FILE = YES;
				INFOPLIST_KEY_UIApplicationSceneManifest_Generation = YES;
				INFOPLIST_KEY_UIApplicationSupportsIndirectInputEvents = YES;
				INFOPLIST_KEY_UILaunchScreen_Generation = YES;
				INFOPLIST_KEY_UISupportedInterfaceOrientations_iPad = "UIInterfaceOrientationPortrait UIInterfaceOrientationPortraitUpsideDown UIInterfaceOrientationLandscapeLeft UIInterfaceOrientationLandscapeRight";
				INFOPLIST_KEY_UISupportedInterfaceOrientations_iPhone = "UIInterfaceOrientationPortrait UIInterfaceOrientationLandscapeLeft UIInterfaceOrientationLandscapeRight";
				LD_RUNPATH_SEARCH_PATHS = (
					"$(inherited)",
					"@executable_path/Frameworks",
				);
				MARKETING_VERSION = 1.0;
				PRODUCT_BUNDLE_IDENTIFIER = Power.TrangueellApp;
				PRODUCT_NAME = "$(TARGET_NAME)";
				SWIFT_EMIT_LOC_STRINGS = YES;
				SWIFT_VERSION = 5.0;
				TARGETED_DEVICE_FAMILY = "1,2";
			};
			name = Debug;
		};
		44DAB0F6282A910700156A9B /* Release */ = {
			isa = XCBuildConfiguration;
			buildSettings = {
				ALWAYS_EMBED_SWIFT_STANDARD_LIBRARIES = YES;
				ASSETCATALOG_COMPILER_APPICON_NAME = AppIcon;
				ASSETCATALOG_COMPILER_GLOBAL_ACCENT_COLOR_NAME = AccentColor;
				CODE_SIGN_STYLE = Automatic;
				CURRENT_PROJECT_VERSION = 1;
				DEVELOPMENT_ASSET_PATHS = "\"TrangueellApp/Preview Content\"";
				DEVELOPMENT_TEAM = 6LL88859YA;
				ENABLE_PREVIEWS = YES;
				GENERATE_INFOPLIST_FILE = YES;
				INFOPLIST_KEY_UIApplicationSceneManifest_Generation = YES;
				INFOPLIST_KEY_UIApplicationSupportsIndirectInputEvents = YES;
				INFOPLIST_KEY_UILaunchScreen_Generation = YES;
				INFOPLIST_KEY_UISupportedInterfaceOrientations_iPad = "UIInterfaceOrientationPortrait UIInterfaceOrientationPortraitUpsideDown UIInterfaceOrientationLandscapeLeft UIInterfaceOrientationLandscapeRight";
				INFOPLIST_KEY_UISupportedInterfaceOrientations_iPhone = "UIInterfaceOrientationPortrait UIInterfaceOrientationLandscapeLeft UIInterfaceOrientationLandscapeRight";
				LD_RUNPATH_SEARCH_PATHS = (
					"$(inherited)",
					"@executable_path/Frameworks",
				);
				MARKETING_VERSION = 1.0;
				PRODUCT_BUNDLE_IDENTIFIER = Power.TrangueellApp;
				PRODUCT_NAME = "$(TARGET_NAME)";
				SWIFT_EMIT_LOC_STRINGS = YES;
				SWIFT_VERSION = 5.0;
				TARGETED_DEVICE_FAMILY = "1,2";
			};
			name = Release;
		};
		44DAB0F8282A910700156A9B /* Debug */ = {
			isa = XCBuildConfiguration;
			buildSettings = {
				ALWAYS_EMBED_SWIFT_STANDARD_LIBRARIES = YES;
				BUNDLE_LOADER = "$(TEST_HOST)";
				CODE_SIGN_STYLE = Automatic;
				CURRENT_PROJECT_VERSION = 1;
				DEVELOPMENT_TEAM = H6XC3A3TTR;
				GENERATE_INFOPLIST_FILE = YES;
				IPHONEOS_DEPLOYMENT_TARGET = 15.4;
				MARKETING_VERSION = 1.0;
				PRODUCT_BUNDLE_IDENTIFIER = Power.TrangueellAppTests;
				PRODUCT_NAME = "$(TARGET_NAME)";
				SWIFT_EMIT_LOC_STRINGS = NO;
				SWIFT_VERSION = 5.0;
				TARGETED_DEVICE_FAMILY = "1,2";
				TEST_HOST = "$(BUILT_PRODUCTS_DIR)/TrangueellApp.app/TrangueellApp";
			};
			name = Debug;
		};
		44DAB0F9282A910700156A9B /* Release */ = {
			isa = XCBuildConfiguration;
			buildSettings = {
				ALWAYS_EMBED_SWIFT_STANDARD_LIBRARIES = YES;
				BUNDLE_LOADER = "$(TEST_HOST)";
				CODE_SIGN_STYLE = Automatic;
				CURRENT_PROJECT_VERSION = 1;
				DEVELOPMENT_TEAM = H6XC3A3TTR;
				GENERATE_INFOPLIST_FILE = YES;
				IPHONEOS_DEPLOYMENT_TARGET = 15.4;
				MARKETING_VERSION = 1.0;
				PRODUCT_BUNDLE_IDENTIFIER = Power.TrangueellAppTests;
				PRODUCT_NAME = "$(TARGET_NAME)";
				SWIFT_EMIT_LOC_STRINGS = NO;
				SWIFT_VERSION = 5.0;
				TARGETED_DEVICE_FAMILY = "1,2";
				TEST_HOST = "$(BUILT_PRODUCTS_DIR)/TrangueellApp.app/TrangueellApp";
			};
			name = Release;
		};
		44DAB0FB282A910700156A9B /* Debug */ = {
			isa = XCBuildConfiguration;
			buildSettings = {
				ALWAYS_EMBED_SWIFT_STANDARD_LIBRARIES = YES;
				CODE_SIGN_STYLE = Automatic;
				CURRENT_PROJECT_VERSION = 1;
				DEVELOPMENT_TEAM = H6XC3A3TTR;
				GENERATE_INFOPLIST_FILE = YES;
				MARKETING_VERSION = 1.0;
				PRODUCT_BUNDLE_IDENTIFIER = Power.TrangueellAppUITests;
				PRODUCT_NAME = "$(TARGET_NAME)";
				SWIFT_EMIT_LOC_STRINGS = NO;
				SWIFT_VERSION = 5.0;
				TARGETED_DEVICE_FAMILY = "1,2";
				TEST_TARGET_NAME = TrangueellApp;
			};
			name = Debug;
		};
		44DAB0FC282A910700156A9B /* Release */ = {
			isa = XCBuildConfiguration;
			buildSettings = {
				ALWAYS_EMBED_SWIFT_STANDARD_LIBRARIES = YES;
				CODE_SIGN_STYLE = Automatic;
				CURRENT_PROJECT_VERSION = 1;
				DEVELOPMENT_TEAM = H6XC3A3TTR;
				GENERATE_INFOPLIST_FILE = YES;
				MARKETING_VERSION = 1.0;
				PRODUCT_BUNDLE_IDENTIFIER = Power.TrangueellAppUITests;
				PRODUCT_NAME = "$(TARGET_NAME)";
				SWIFT_EMIT_LOC_STRINGS = NO;
				SWIFT_VERSION = 5.0;
				TARGETED_DEVICE_FAMILY = "1,2";
				TEST_TARGET_NAME = TrangueellApp;
			};
			name = Release;
		};
		C6D30983283BDDD6006A08DE /* Debug */ = {
			isa = XCBuildConfiguration;
			buildSettings = {
				ASSETCATALOG_COMPILER_GLOBAL_ACCENT_COLOR_NAME = AccentColor;
				ASSETCATALOG_COMPILER_WIDGET_BACKGROUND_COLOR_NAME = WidgetBackground;
				CODE_SIGN_STYLE = Automatic;
				CURRENT_PROJECT_VERSION = 1;
				DEVELOPMENT_TEAM = 6LL88859YA;
				GENERATE_INFOPLIST_FILE = YES;
				INFOPLIST_FILE = WidgetTrangueell/Info.plist;
				INFOPLIST_KEY_CFBundleDisplayName = WidgetTrangueell;
				INFOPLIST_KEY_NSHumanReadableCopyright = "";
				IPHONEOS_DEPLOYMENT_TARGET = 15.5;
				LD_RUNPATH_SEARCH_PATHS = (
					"$(inherited)",
					"@executable_path/Frameworks",
					"@executable_path/../../Frameworks",
				);
				MARKETING_VERSION = 1.0;
				PRODUCT_BUNDLE_IDENTIFIER = Power.TrangueellApp.WidgetTrangueell;
				PRODUCT_NAME = "$(TARGET_NAME)";
				SKIP_INSTALL = YES;
				SWIFT_EMIT_LOC_STRINGS = YES;
				SWIFT_VERSION = 5.0;
				TARGETED_DEVICE_FAMILY = "1,2";
			};
			name = Debug;
		};
		C6D30984283BDDD6006A08DE /* Release */ = {
			isa = XCBuildConfiguration;
			buildSettings = {
				ASSETCATALOG_COMPILER_GLOBAL_ACCENT_COLOR_NAME = AccentColor;
				ASSETCATALOG_COMPILER_WIDGET_BACKGROUND_COLOR_NAME = WidgetBackground;
				CODE_SIGN_STYLE = Automatic;
				CURRENT_PROJECT_VERSION = 1;
				DEVELOPMENT_TEAM = 6LL88859YA;
				GENERATE_INFOPLIST_FILE = YES;
				INFOPLIST_FILE = WidgetTrangueell/Info.plist;
				INFOPLIST_KEY_CFBundleDisplayName = WidgetTrangueell;
				INFOPLIST_KEY_NSHumanReadableCopyright = "";
				IPHONEOS_DEPLOYMENT_TARGET = 15.5;
				LD_RUNPATH_SEARCH_PATHS = (
					"$(inherited)",
					"@executable_path/Frameworks",
					"@executable_path/../../Frameworks",
				);
				MARKETING_VERSION = 1.0;
				PRODUCT_BUNDLE_IDENTIFIER = Power.TrangueellApp.WidgetTrangueell;
				PRODUCT_NAME = "$(TARGET_NAME)";
				SKIP_INSTALL = YES;
				SWIFT_EMIT_LOC_STRINGS = YES;
				SWIFT_VERSION = 5.0;
				TARGETED_DEVICE_FAMILY = "1,2";
			};
			name = Release;
		};
/* End XCBuildConfiguration section */

/* Begin XCConfigurationList section */
		44DAB0C6282A910400156A9B /* Build configuration list for PBXProject "TrangueellApp" */ = {
			isa = XCConfigurationList;
			buildConfigurations = (
				44DAB0F2282A910700156A9B /* Debug */,
				44DAB0F3282A910700156A9B /* Release */,
			);
			defaultConfigurationIsVisible = 0;
			defaultConfigurationName = Release;
		};
		44DAB0F4282A910700156A9B /* Build configuration list for PBXNativeTarget "TrangueellApp" */ = {
			isa = XCConfigurationList;
			buildConfigurations = (
				44DAB0F5282A910700156A9B /* Debug */,
				44DAB0F6282A910700156A9B /* Release */,
			);
			defaultConfigurationIsVisible = 0;
			defaultConfigurationName = Release;
		};
		44DAB0F7282A910700156A9B /* Build configuration list for PBXNativeTarget "TrangueellAppTests" */ = {
			isa = XCConfigurationList;
			buildConfigurations = (
				44DAB0F8282A910700156A9B /* Debug */,
				44DAB0F9282A910700156A9B /* Release */,
			);
			defaultConfigurationIsVisible = 0;
			defaultConfigurationName = Release;
		};
		44DAB0FA282A910700156A9B /* Build configuration list for PBXNativeTarget "TrangueellAppUITests" */ = {
			isa = XCConfigurationList;
			buildConfigurations = (
				44DAB0FB282A910700156A9B /* Debug */,
				44DAB0FC282A910700156A9B /* Release */,
			);
			defaultConfigurationIsVisible = 0;
			defaultConfigurationName = Release;
		};
		C6D30985283BDDD6006A08DE /* Build configuration list for PBXNativeTarget "WidgetTrangueellExtension" */ = {
			isa = XCConfigurationList;
			buildConfigurations = (
				C6D30983283BDDD6006A08DE /* Debug */,
				C6D30984283BDDD6006A08DE /* Release */,
			);
			defaultConfigurationIsVisible = 0;
			defaultConfigurationName = Release;
		};
/* End XCConfigurationList section */

/* Begin XCVersionGroup section */
		44DAB0D9282A910700156A9B /* TrangueellApp.xcdatamodeld */ = {
			isa = XCVersionGroup;
			children = (
				44DAB0DA282A910700156A9B /* TrangueellApp.xcdatamodel */,
			);
			currentVersion = 44DAB0DA282A910700156A9B /* TrangueellApp.xcdatamodel */;
			path = TrangueellApp.xcdatamodeld;
			sourceTree = "<group>";
			versionGroupType = wrapper.xcdatamodel;
		};
/* End XCVersionGroup section */
	};
	rootObject = 44DAB0C3282A910400156A9B /* Project object */;
}
